{
  "requires": true,
  "lockfileVersion": 1,
  "dependencies": {
    "admin-lte": {
      "version": "4.0.0-beta1",
      "resolved": "https://registry.npmjs.org/admin-lte/-/admin-lte-4.0.0-beta1.tgz",
      "integrity": "sha512-sRpozBFpM65uJbr4zJ38RAfhgfIrJlM2aWaLlfBSkz0cuALl/cJSn1hSc437IPw+rS7r+j82Y6H5HCYJSNUBIg=="
    }
  }
}
